// !$*UTF8*$!
{
	archiveVersion = 1;
	classes = {
	};
	objectVersion = 46;
	objects = {

/* Begin PBXBuildFile section */
		84575B2F1C01258200CE4874 /* AppDelegate.swift in Sources */ = {isa = PBXBuildFile; fileRef = 84575B2E1C01258200CE4874 /* AppDelegate.swift */; };
		84575B311C01258200CE4874 /* ViewController.swift in Sources */ = {isa = PBXBuildFile; fileRef = 84575B301C01258200CE4874 /* ViewController.swift */; };
		84575B341C01258200CE4874 /* Main.storyboard in Resources */ = {isa = PBXBuildFile; fileRef = 84575B321C01258200CE4874 /* Main.storyboard */; };
		84575B361C01258200CE4874 /* Assets.xcassets in Resources */ = {isa = PBXBuildFile; fileRef = 84575B351C01258200CE4874 /* Assets.xcassets */; };
		84575B391C01258200CE4874 /* LaunchScreen.storyboard in Resources */ = {isa = PBXBuildFile; fileRef = 84575B371C01258200CE4874 /* LaunchScreen.storyboard */; };
		84575B411C0127D400CE4874 /* pokemon.csv in Resources */ = {isa = PBXBuildFile; fileRef = 84575B401C0127D400CE4874 /* pokemon.csv */; };
/* End PBXBuildFile section */

/* Begin PBXFileReference section */
		84575B2B1C01258200CE4874 /* pokedex.app */ = {isa = PBXFileReference; explicitFileType = wrapper.application; includeInIndex = 0; path = pokedex.app; sourceTree = BUILT_PRODUCTS_DIR; };
		84575B2E1C01258200CE4874 /* AppDelegate.swift */ = {isa = PBXFileReference; lastKnownFileType = sourcecode.swift; path = AppDelegate.swift; sourceTree = "<group>"; };
		84575B301C01258200CE4874 /* ViewController.swift */ = {isa = PBXFileReference; lastKnownFileType = sourcecode.swift; path = ViewController.swift; sourceTree = "<group>"; };
		84575B331C01258200CE4874 /* Base */ = {isa = PBXFileReference; lastKnownFileType = file.storyboard; name = Base; path = Base.lproj/Main.storyboard; sourceTree = "<group>"; };
		84575B351C01258200CE4874 /* Assets.xcassets */ = {isa = PBXFileReference; lastKnownFileType = folder.assetcatalog; path = Assets.xcassets; sourceTree = "<group>"; };
		84575B381C01258200CE4874 /* Base */ = {isa = PBXFileReference; lastKnownFileType = file.storyboard; name = Base; path = Base.lproj/LaunchScreen.storyboard; sourceTree = "<group>"; };
		84575B3A1C01258200CE4874 /* Info.plist */ = {isa = PBXFileReference; lastKnownFileType = text.plist.xml; path = Info.plist; sourceTree = "<group>"; };
		84575B401C0127D400CE4874 /* pokemon.csv */ = {isa = PBXFileReference; fileEncoding = 4; lastKnownFileType = text; path = pokemon.csv; sourceTree = "<group>"; };
/* End PBXFileReference section */

/* Begin PBXFrameworksBuildPhase section */
		84575B281C01258200CE4874 /* Frameworks */ = {
			isa = PBXFrameworksBuildPhase;
			buildActionMask = 2147483647;
			files = (
			);
			runOnlyForDeploymentPostprocessing = 0;
		};
/* End PBXFrameworksBuildPhase section */

/* Begin PBXGroup section */
		84575B221C01258200CE4874 = {
			isa = PBXGroup;
			children = (
				84575B2D1C01258200CE4874 /* pokedex */,
				84575B2C1C01258200CE4874 /* Products */,
			);
			sourceTree = "<group>";
		};
		84575B2C1C01258200CE4874 /* Products */ = {
			isa = PBXGroup;
			children = (
				84575B2B1C01258200CE4874 /* pokedex.app */,
			);
			name = Products;
			sourceTree = "<group>";
		};
		84575B2D1C01258200CE4874 /* pokedex */ = {
			isa = PBXGroup;
			children = (
				84575B401C0127D400CE4874 /* pokemon.csv */,
				84575B2E1C01258200CE4874 /* AppDelegate.swift */,
				84575B301C01258200CE4874 /* ViewController.swift */,
				84575B321C01258200CE4874 /* Main.storyboard */,
				84575B351C01258200CE4874 /* Assets.xcassets */,
				84575B371C01258200CE4874 /* LaunchScreen.storyboard */,
				84575B3A1C01258200CE4874 /* Info.plist */,
			);
			path = pokedex;
			sourceTree = "<group>";
		};
/* End PBXGroup section */

/* Begin PBXNativeTarget section */
		84575B2A1C01258200CE4874 /* pokedex */ = {
			isa = PBXNativeTarget;
			buildConfigurationList = 84575B3D1C01258200CE4874 /* Build configuration list for PBXNativeTarget "pokedex" */;
			buildPhases = (
				84575B271C01258200CE4874 /* Sources */,
				84575B281C01258200CE4874 /* Frameworks */,
				84575B291C01258200CE4874 /* Resources */,
			);
			buildRules = (
			);
			dependencies = (
			);
			name = pokedex;
			productName = pokedex;
			productReference = 84575B2B1C01258200CE4874 /* pokedex.app */;
			productType = "com.apple.product-type.application";
		};
/* End PBXNativeTarget section */

/* Begin PBXProject section */
		84575B231C01258200CE4874 /* Project object */ = {
			isa = PBXProject;
			attributes = {
				LastSwiftUpdateCheck = 0710;
				LastUpgradeCheck = 0710;
				ORGANIZATIONNAME = "Codezero Media";
				TargetAttributes = {
					84575B2A1C01258200CE4874 = {
						CreatedOnToolsVersion = 7.1;
					};
				};
			};
			buildConfigurationList = 84575B261C01258200CE4874 /* Build configuration list for PBXProject "pokedex" */;
			compatibilityVersion = "Xcode 3.2";
			developmentRegion = English;
			hasScannedForEncodings = 0;
			knownRegions = (
				en,
				Base,
			);
			mainGroup = 84575B221C01258200CE4874;
			productRefGroup = 84575B2C1C01258200CE4874 /* Products */;
			projectDirPath = "";
			projectRoot = "";
			targets = (
				84575B2A1C01258200CE4874 /* pokedex */,
			);
		};
/* End PBXProject section */

/* Begin PBXResourcesBuildPhase section */
		84575B291C01258200CE4874 /* Resources */ = {
			isa = PBXResourcesBuildPhase;
			buildActionMask = 2147483647;
			files = (
				84575B391C01258200CE4874 /* LaunchScreen.storyboard in Resources */,
				84575B361C01258200CE4874 /* Assets.xcassets in Resources */,
				84575B411C0127D400CE4874 /* pokemon.csv in Resources */,
				84575B341C01258200CE4874 /* Main.storyboard in Resources */,
			);
			runOnlyForDeploymentPostprocessing = 0;
		};
/* End PBXResourcesBuildPhase section */

/* Begin PBXSourcesBuildPhase section */
		84575B271C01258200CE4874 /* Sources */ = {
			isa = PBXSourcesBuildPhase;
			buildActionMask = 2147483647;
			files = (
				84575B311C01258200CE4874 /* ViewController.swift in Sources */,
				84575B2F1C01258200CE4874 /* AppDelegate.swift in Sources */,
			);
			runOnlyForDeploymentPostprocessing = 0;
		};
/* End PBXSourcesBuildPhase section */

/* Begin PBXVariantGroup section */
		84575B321C01258200CE4874 /* Main.storyboard */ = {
			isa = PBXVariantGroup;
			children = (
				84575B331C01258200CE4874 /* Base */,
			);
			name = Main.storyboard;
			sourceTree = "<group>";
		};
		84575B371C01258200CE4874 /* LaunchScreen.storyboard */ = {
			isa = PBXVariantGroup;
			children = (
				84575B381C01258200CE4874 /* Base */,
			);
			name = LaunchScreen.storyboard;
			sourceTree = "<group>";
		};
/* End PBXVariantGroup section */

/* Begin XCBuildConfiguration section */
		84575B3B1C01258200CE4874 /* Debug */ = {
			isa = XCBuildConfiguration;
			buildSettings = {
				ALWAYS_SEARCH_USER_PATHS = NO;
				CLANG_CXX_LANGUAGE_STANDARD = "gnu++0x";
				CLANG_CXX_LIBRARY = "libc++";
				CLANG_ENABLE_MODULES = YES;
				CLANG_ENABLE_OBJC_ARC = YES;
				CLANG_WARN_BOOL_CONVERSION = YES;
				CLANG_WARN_CONSTANT_CONVERSION = YES;
				CLANG_WARN_DIRECT_OBJC_ISA_USAGE = YES_ERROR;
				CLANG_WARN_EMPTY_BODY = YES;
				CLANG_WARN_ENUM_CONVERSION = YES;
				CLANG_WARN_INT_CONVERSION = YES;
				CLANG_WARN_OBJC_ROOT_CLASS = YES_ERROR;
				CLANG_WARN_UNREACHABLE_CODE = YES;
				CLANG_WARN__DUPLICATE_METHOD_MATCH = YES;
				"CODE_SIGN_IDENTITY[sdk=iphoneos*]" = "iPhone Developer";
				COPY_PHASE_STRIP = NO;
				DEBUG_INFORMATION_FORMAT = dwarf;
				ENABLE_STRICT_OBJC_MSGSEND = YES;
				ENABLE_TESTABILITY = YES;
				GCC_C_LANGUAGE_STANDARD = gnu99;
				GCC_DYNAMIC_NO_PIC = NO;
				GCC_NO_COMMON_BLOCKS = YES;
				GCC_OPTIMIZATION_LEVEL = 0;
				GCC_PREPROCESSOR_DEFINITIONS = (
					"DEBUG=1",
					"$(inherited)",
				);
				GCC_WARN_64_TO_32_BIT_CONVERSION = YES;
				GCC_WARN_ABOUT_RETURN_TYPE = YES_ERROR;
				GCC_WARN_UNDECLARED_SELECTOR = YES;
				GCC_WARN_UNINITIALIZED_AUTOS = YES_AGGRESSIVE;
				GCC_WARN_UNUSED_FUNCTION = YES;
				GCC_WARN_UNUSED_VARIABLE = YES;
				IPHONEOS_DEPLOYMENT_TARGET = 9.1;
				MTL_ENABLE_DEBUG_INFO = YES;
				ONLY_ACTIVE_ARCH = YES;
				SDKROOT = iphoneos;
				SWIFT_OPTIMIZATION_LEVEL = "-Onone";
				TARGETED_DEVICE_FAMILY = "1,2";
			};
			name = Debug;
		};
		84575B3C1C01258200CE4874 /* Release */ = {
			isa = XCBuildConfiguration;
			buildSettings = {
				ALWAYS_SEARCH_USER_PATHS = NO;
				CLANG_CXX_LANGUAGE_STANDARD = "gnu++0x";
				CLANG_CXX_LIBRARY = "libc++";
				CLANG_ENABLE_MODULES = YES;
				CLANG_ENABLE_OBJC_ARC = YES;
				CLANG_WARN_BOOL_CONVERSION = YES;
				CLANG_WARN_CONSTANT_CONVERSION = YES;
				CLANG_WARN_DIRECT_OBJC_ISA_USAGE = YES_ERROR;
				CLANG_WARN_EMPTY_BODY = YES;
				CLANG_WARN_ENUM_CONVERSION = YES;
				CLANG_WARN_INT_CONVERSION = YES;
				CLANG_WARN_OBJC_ROOT_CLASS = YES_ERROR;
				CLANG_WARN_UNREACHABLE_CODE = YES;
				CLANG_WARN__DUPLICATE_METHOD_MATCH = YES;
				"CODE_SIGN_IDENTITY[sdk=iphoneos*]" = "iPhone Developer";
				COPY_PHASE_STRIP = NO;
				DEBUG_INFORMATION_FORMAT = "dwarf-with-dsym";
				ENABLE_NS_ASSERTIONS = NO;
				ENABLE_STRICT_OBJC_MSGSEND = YES;
				GCC_C_LANGUAGE_STANDARD = gnu99;
				GCC_NO_COMMON_BLOCKS = YES;
				GCC_WARN_64_TO_32_BIT_CONVERSION = YES;
				GCC_WARN_ABOUT_RETURN_TYPE = YES_ERROR;
				GCC_WARN_UNDECLARED_SELECTOR = YES;
				GCC_WARN_UNINITIALIZED_AUTOS = YES_AGGRESSIVE;
				GCC_WARN_UNUSED_FUNCTION = YES;
				GCC_WARN_UNUSED_VARIABLE = YES;
				IPHONEOS_DEPLOYMENT_TARGET = 9.1;
				MTL_ENABLE_DEBUG_INFO = NO;
				SDKROOT = iphoneos;
				TARGETED_DEVICE_FAMILY = "1,2";
				VALIDATE_PRODUCT = YES;
			};
			name = Release;
		};
		84575B3E1C01258200CE4874 /* Debug */ = {
			isa = XCBuildConfiguration;
			buildSettings = {
				ASSETCATALOG_COMPILER_APPICON_NAME = AppIcon;
				INFOPLIST_FILE = pokedex/Info.plist;
				LD_RUNPATH_SEARCH_PATHS = "$(inherited) @executable_path/Frameworks";
				PRODUCT_BUNDLE_IDENTIFIER = com.codezeromedia.pokedex;
				PRODUCT_NAME = "$(TARGET_NAME)";
			};
			name = Debug;
		};
		84575B3F1C01258200CE4874 /* Release */ = {
			isa = XCBuildConfiguration;
			buildSettings = {
				ASSETCATALOG_COMPILER_APPICON_NAME = AppIcon;
				INFOPLIST_FILE = pokedex/Info.plist;
				LD_RUNPATH_SEARCH_PATHS = "$(inherited) @executable_path/Frameworks";
				PRODUCT_BUNDLE_IDENTIFIER = com.codezeromedia.pokedex;
				PRODUCT_NAME = "$(TARGET_NAME)";
			};
			name = Release;
		};
/* End XCBuildConfiguration section */

/* Begin XCConfigurationList section */
		84575B261C01258200CE4874 /* Build configuration list for PBXProject "pokedex" */ = {
			isa = XCConfigurationList;
			buildConfigurations = (
				84575B3B1C01258200CE4874 /* Debug */,
				84575B3C1C01258200CE4874 /* Release */,
			);
			defaultConfigurationIsVisible = 0;
			defaultConfigurationName = Release;
		};
		84575B3D1C01258200CE4874 /* Build configuration list for PBXNativeTarget "pokedex" */ = {
			isa = XCConfigurationList;
			buildConfigurations = (
				84575B3E1C01258200CE4874 /* Debug */,
				84575B3F1C01258200CE4874 /* Release */,
			);
			defaultConfigurationIsVisible = 0;
		};
/* End XCConfigurationList section */
	};
	rootObject = 84575B231C01258200CE4874 /* Project object */;
}
